
Microsoft Visual Studio Solution File, Format Version 12.00
# Visual Studio Version 16
VisualStudioVersion = 16.0.30309.148
MinimumVisualStudioVersion = 10.0.40219.1
Project("{9A19103F-16F7-4668-BE54-9A1E7A4F7556}") = "01. Furniture", "01. Furniture\01. Furniture.csproj", "{F177C895-AA2C-479C-9506-A54F02362E68}"
EndProject
Project("{9A19103F-16F7-4668-BE54-9A1E7A4F7556}") = "02. Race", "02. Race\02. Race.csproj", "{4DBDECBE-6BCD-44E3-8869-181B51FD0168}"
EndProject
Project("{9A19103F-16F7-4668-BE54-9A1E7A4F7556}") = "03. SoftUni Bar Income", "03. SoftUni Bar Income\03. SoftUni Bar Income.csproj", "{8C848F5E-6DBF-448A-B89F-8F1F98ED869F}"
EndProject
Global
	GlobalSection(SolutionConfigurationPlatforms) = preSolution
		Debug|Any CPU = Debug|Any CPU
		Release|Any CPU = Release|Any CPU
	EndGlobalSection
	GlobalSection(ProjectConfigurationPlatforms) = postSolution
		{F177C895-AA2C-479C-9506-A54F02362E68}.Debug|Any CPU.ActiveCfg = Debug|Any CPU
		{F177C895-AA2C-479C-9506-A54F02362E68}.Debug|Any CPU.Build.0 = Debug|Any CPU
		{F177C895-AA2C-479C-9506-A54F02362E68}.Release|Any CPU.ActiveCfg = Release|Any CPU
		{F177C895-AA2C-479C-9506-A54F02362E68}.Release|Any CPU.Build.0 = Release|Any CPU
		{4DBDECBE-6BCD-44E3-8869-181B51FD0168}.Debug|Any CPU.ActiveCfg = Debug|Any CPU
		{4DBDECBE-6BCD-44E3-8869-181B51FD0168}.Debug|Any CPU.Build.0 = Debug|Any CPU
		{4DBDECBE-6BCD-44E3-8869-181B51FD0168}.Release|Any CPU.ActiveCfg = Release|Any CPU
		{4DBDECBE-6BCD-44E3-8869-181B51FD0168}.Release|Any CPU.Build.0 = Release|Any CPU
		{8C848F5E-6DBF-448A-B89F-8F1F98ED869F}.Debug|Any CPU.ActiveCfg = Debug|Any CPU
		{8C848F5E-6DBF-448A-B89F-8F1F98ED869F}.Debug|Any CPU.Build.0 = Debug|Any CPU
		{8C848F5E-6DBF-448A-B89F-8F1F98ED869F}.Release|Any CPU.ActiveCfg = Release|Any CPU
		{8C848F5E-6DBF-448A-B89F-8F1F98ED869F}.Release|Any CPU.Build.0 = Release|Any CPU
	EndGlobalSection
	GlobalSection(SolutionProperties) = preSolution
		HideSolutionNode = FALSE
	EndGlobalSection
	GlobalSection(ExtensibilityGlobals) = postSolution
		SolutionGuid = {E16A9338-1863-485C-A7AA-4F5E15628A06}
	EndGlobalSection
EndGlobal
