
Microsoft Visual Studio Solution File, Format Version 12.00
# Visual Studio Version 16
VisualStudioVersion = 16.0.30907.101
MinimumVisualStudioVersion = 10.0.40219.1
Project("{9A19103F-16F7-4668-BE54-9A1E7A4F7556}") = "Vehicles", "Vehicles\Vehicles.csproj", "{8BC044A8-497A-4495-A604-21C46BE7CBB9}"
EndProject
Project("{FAE04EC0-301F-11D3-BF4B-00C04F79EFBC}") = "Raiding", "Raiding\Raiding.csproj", "{4292472F-D1E7-4280-8A75-169E38C87D99}"
EndProject
Global
	GlobalSection(SolutionConfigurationPlatforms) = preSolution
		Debug|Any CPU = Debug|Any CPU
		Release|Any CPU = Release|Any CPU
	EndGlobalSection
	GlobalSection(ProjectConfigurationPlatforms) = postSolution
		{8BC044A8-497A-4495-A604-21C46BE7CBB9}.Debug|Any CPU.ActiveCfg = Debug|Any CPU
		{8BC044A8-497A-4495-A604-21C46BE7CBB9}.Debug|Any CPU.Build.0 = Debug|Any CPU
		{8BC044A8-497A-4495-A604-21C46BE7CBB9}.Release|Any CPU.ActiveCfg = Release|Any CPU
		{8BC044A8-497A-4495-A604-21C46BE7CBB9}.Release|Any CPU.Build.0 = Release|Any CPU
		{4292472F-D1E7-4280-8A75-169E38C87D99}.Debug|Any CPU.ActiveCfg = Debug|Any CPU
		{4292472F-D1E7-4280-8A75-169E38C87D99}.Debug|Any CPU.Build.0 = Debug|Any CPU
		{4292472F-D1E7-4280-8A75-169E38C87D99}.Release|Any CPU.ActiveCfg = Release|Any CPU
		{4292472F-D1E7-4280-8A75-169E38C87D99}.Release|Any CPU.Build.0 = Release|Any CPU
	EndGlobalSection
	GlobalSection(SolutionProperties) = preSolution
		HideSolutionNode = FALSE
	EndGlobalSection
	GlobalSection(ExtensibilityGlobals) = postSolution
		SolutionGuid = {10C6AC46-8BBE-4285-AB98-8C5EFD39E616}
	EndGlobalSection
EndGlobal
