
Microsoft Visual Studio Solution File, Format Version 12.00
# Visual Studio Version 16
VisualStudioVersion = 16.0.30309.148
MinimumVisualStudioVersion = 10.0.40219.1
Project("{9A19103F-16F7-4668-BE54-9A1E7A4F7556}") = "01. World Tour", "01. World Tour\01. World Tour.csproj", "{21334A12-C672-4E90-A424-AFC8A62DDDB4}"
EndProject
Project("{9A19103F-16F7-4668-BE54-9A1E7A4F7556}") = "03. Plant Discovery", "03. Plant Discovery\03. Plant Discovery.csproj", "{F39E85EE-8433-4CA0-8C0F-AB43D2884811}"
EndProject
Project("{FAE04EC0-301F-11D3-BF4B-00C04F79EFBC}") = "02. Destination Mapper", "02. Destination Mapper\02. Destination Mapper.csproj", "{38F7ADED-3DA5-47AB-8367-3D4AD882C7AF}"
EndProject
Global
	GlobalSection(SolutionConfigurationPlatforms) = preSolution
		Debug|Any CPU = Debug|Any CPU
		Release|Any CPU = Release|Any CPU
	EndGlobalSection
	GlobalSection(ProjectConfigurationPlatforms) = postSolution
		{21334A12-C672-4E90-A424-AFC8A62DDDB4}.Debug|Any CPU.ActiveCfg = Debug|Any CPU
		{21334A12-C672-4E90-A424-AFC8A62DDDB4}.Debug|Any CPU.Build.0 = Debug|Any CPU
		{21334A12-C672-4E90-A424-AFC8A62DDDB4}.Release|Any CPU.ActiveCfg = Release|Any CPU
		{21334A12-C672-4E90-A424-AFC8A62DDDB4}.Release|Any CPU.Build.0 = Release|Any CPU
		{F39E85EE-8433-4CA0-8C0F-AB43D2884811}.Debug|Any CPU.ActiveCfg = Debug|Any CPU
		{F39E85EE-8433-4CA0-8C0F-AB43D2884811}.Debug|Any CPU.Build.0 = Debug|Any CPU
		{F39E85EE-8433-4CA0-8C0F-AB43D2884811}.Release|Any CPU.ActiveCfg = Release|Any CPU
		{F39E85EE-8433-4CA0-8C0F-AB43D2884811}.Release|Any CPU.Build.0 = Release|Any CPU
		{38F7ADED-3DA5-47AB-8367-3D4AD882C7AF}.Debug|Any CPU.ActiveCfg = Debug|Any CPU
		{38F7ADED-3DA5-47AB-8367-3D4AD882C7AF}.Debug|Any CPU.Build.0 = Debug|Any CPU
		{38F7ADED-3DA5-47AB-8367-3D4AD882C7AF}.Release|Any CPU.ActiveCfg = Release|Any CPU
		{38F7ADED-3DA5-47AB-8367-3D4AD882C7AF}.Release|Any CPU.Build.0 = Release|Any CPU
	EndGlobalSection
	GlobalSection(SolutionProperties) = preSolution
		HideSolutionNode = FALSE
	EndGlobalSection
	GlobalSection(ExtensibilityGlobals) = postSolution
		SolutionGuid = {8BED6F26-DEC0-42E2-9332-7A9DC5A0DE4B}
	EndGlobalSection
EndGlobal
