
Microsoft Visual Studio Solution File, Format Version 12.00
# Visual Studio Version 16
VisualStudioVersion = 16.0.30309.148
MinimumVisualStudioVersion = 10.0.40219.1
Project("{FAE04EC0-301F-11D3-BF4B-00C04F79EFBC}") = "suvursenoChislo", "suvursenoChislo\suvursenoChislo.csproj", "{E4EF5BE1-9AEF-43A9-B463-071FD1B0CED8}"
EndProject
Global
	GlobalSection(SolutionConfigurationPlatforms) = preSolution
		Debug|Any CPU = Debug|Any CPU
		Release|Any CPU = Release|Any CPU
	EndGlobalSection
	GlobalSection(ProjectConfigurationPlatforms) = postSolution
		{E4EF5BE1-9AEF-43A9-B463-071FD1B0CED8}.Debug|Any CPU.ActiveCfg = Debug|Any CPU
		{E4EF5BE1-9AEF-43A9-B463-071FD1B0CED8}.Debug|Any CPU.Build.0 = Debug|Any CPU
		{E4EF5BE1-9AEF-43A9-B463-071FD1B0CED8}.Release|Any CPU.ActiveCfg = Release|Any CPU
		{E4EF5BE1-9AEF-43A9-B463-071FD1B0CED8}.Release|Any CPU.Build.0 = Release|Any CPU
	EndGlobalSection
	GlobalSection(SolutionProperties) = preSolution
		HideSolutionNode = FALSE
	EndGlobalSection
	GlobalSection(ExtensibilityGlobals) = postSolution
		SolutionGuid = {04F9ED50-09EA-48CC-A47D-8CBEA66BE55E}
	EndGlobalSection
EndGlobal
