
Microsoft Visual Studio Solution File, Format Version 12.00
# Visual Studio Version 16
VisualStudioVersion = 16.0.29424.173
MinimumVisualStudioVersion = 10.0.40219.1
Project("{9A19103F-16F7-4668-BE54-9A1E7A4F7556}") = "04. Vowels Sum", "04. Vowels Sum\04. Vowels Sum.csproj", "{B40DC4ED-FC8D-48C7-95D0-9FC0F09F3F72}"
EndProject
Project("{FAE04EC0-301F-11D3-BF4B-00C04F79EFBC}") = "07. Left and Right Sum", "07. Left and Right Sum\07. Left and Right Sum.csproj", "{CC76F0FA-A469-40F2-AA38-5D856CF0A8DE}"
EndProject
Project("{FAE04EC0-301F-11D3-BF4B-00C04F79EFBC}") = "08. Odd Even Sum", "08. Odd Even Sum\08. Odd Even Sum.csproj", "{58250DFB-16C8-4A23-9D24-2CD2F10F371C}"
EndProject
Global
	GlobalSection(SolutionConfigurationPlatforms) = preSolution
		Debug|Any CPU = Debug|Any CPU
		Release|Any CPU = Release|Any CPU
	EndGlobalSection
	GlobalSection(ProjectConfigurationPlatforms) = postSolution
		{B40DC4ED-FC8D-48C7-95D0-9FC0F09F3F72}.Debug|Any CPU.ActiveCfg = Debug|Any CPU
		{B40DC4ED-FC8D-48C7-95D0-9FC0F09F3F72}.Debug|Any CPU.Build.0 = Debug|Any CPU
		{B40DC4ED-FC8D-48C7-95D0-9FC0F09F3F72}.Release|Any CPU.ActiveCfg = Release|Any CPU
		{B40DC4ED-FC8D-48C7-95D0-9FC0F09F3F72}.Release|Any CPU.Build.0 = Release|Any CPU
		{CC76F0FA-A469-40F2-AA38-5D856CF0A8DE}.Debug|Any CPU.ActiveCfg = Debug|Any CPU
		{CC76F0FA-A469-40F2-AA38-5D856CF0A8DE}.Debug|Any CPU.Build.0 = Debug|Any CPU
		{CC76F0FA-A469-40F2-AA38-5D856CF0A8DE}.Release|Any CPU.ActiveCfg = Release|Any CPU
		{CC76F0FA-A469-40F2-AA38-5D856CF0A8DE}.Release|Any CPU.Build.0 = Release|Any CPU
		{58250DFB-16C8-4A23-9D24-2CD2F10F371C}.Debug|Any CPU.ActiveCfg = Debug|Any CPU
		{58250DFB-16C8-4A23-9D24-2CD2F10F371C}.Debug|Any CPU.Build.0 = Debug|Any CPU
		{58250DFB-16C8-4A23-9D24-2CD2F10F371C}.Release|Any CPU.ActiveCfg = Release|Any CPU
		{58250DFB-16C8-4A23-9D24-2CD2F10F371C}.Release|Any CPU.Build.0 = Release|Any CPU
	EndGlobalSection
	GlobalSection(SolutionProperties) = preSolution
		HideSolutionNode = FALSE
	EndGlobalSection
	GlobalSection(ExtensibilityGlobals) = postSolution
		SolutionGuid = {AF493954-7202-4709-B8DF-52A8022D29D8}
	EndGlobalSection
EndGlobal
