
Microsoft Visual Studio Solution File, Format Version 12.00
# Visual Studio Version 16
VisualStudioVersion = 16.0.30114.105
MinimumVisualStudioVersion = 10.0.40219.1
Project("{FAE04EC0-301F-11D3-BF4B-00C04F79EFBC}") = "izhodnoAlberto", "izhodnoAlberto\izhodnoAlberto.csproj", "{F81FD576-BAFB-4EEB-A86E-0342C99FCA77}"
EndProject
Project("{FAE04EC0-301F-11D3-BF4B-00C04F79EFBC}") = "demo", "demo\demo.csproj", "{F34B00B9-FEFC-48B0-AFB0-F2FB139F8047}"
EndProject
Global
	GlobalSection(SolutionConfigurationPlatforms) = preSolution
		Debug|Any CPU = Debug|Any CPU
		Release|Any CPU = Release|Any CPU
	EndGlobalSection
	GlobalSection(ProjectConfigurationPlatforms) = postSolution
		{F81FD576-BAFB-4EEB-A86E-0342C99FCA77}.Debug|Any CPU.ActiveCfg = Debug|Any CPU
		{F81FD576-BAFB-4EEB-A86E-0342C99FCA77}.Debug|Any CPU.Build.0 = Debug|Any CPU
		{F81FD576-BAFB-4EEB-A86E-0342C99FCA77}.Release|Any CPU.ActiveCfg = Release|Any CPU
		{F81FD576-BAFB-4EEB-A86E-0342C99FCA77}.Release|Any CPU.Build.0 = Release|Any CPU
		{F34B00B9-FEFC-48B0-AFB0-F2FB139F8047}.Debug|Any CPU.ActiveCfg = Debug|Any CPU
		{F34B00B9-FEFC-48B0-AFB0-F2FB139F8047}.Debug|Any CPU.Build.0 = Debug|Any CPU
		{F34B00B9-FEFC-48B0-AFB0-F2FB139F8047}.Release|Any CPU.ActiveCfg = Release|Any CPU
		{F34B00B9-FEFC-48B0-AFB0-F2FB139F8047}.Release|Any CPU.Build.0 = Release|Any CPU
	EndGlobalSection
	GlobalSection(SolutionProperties) = preSolution
		HideSolutionNode = FALSE
	EndGlobalSection
	GlobalSection(ExtensibilityGlobals) = postSolution
		SolutionGuid = {D311C683-E53F-4632-B024-DDAD27711439}
	EndGlobalSection
EndGlobal
