
Microsoft Visual Studio Solution File, Format Version 12.00
# Visual Studio Version 16
VisualStudioVersion = 16.0.30309.148
MinimumVisualStudioVersion = 10.0.40219.1
Project("{FAE04EC0-301F-11D3-BF4B-00C04F79EFBC}") = "01. Match Full Name", "01. Match Full Name\01. Match Full Name.csproj", "{098A452A-B3F5-447D-98F6-0C91442BB124}"
EndProject
Project("{FAE04EC0-301F-11D3-BF4B-00C04F79EFBC}") = "02. Match Phone Number", "02. Match Phone Number\02. Match Phone Number.csproj", "{68F37A1B-41AD-45DF-AA51-31624A5D843E}"
EndProject
Project("{FAE04EC0-301F-11D3-BF4B-00C04F79EFBC}") = "03. Match Dates", "03. Match Dates\03. Match Dates.csproj", "{944E50D2-6995-4204-9C94-4DD5C4F75512}"
EndProject
Global
	GlobalSection(SolutionConfigurationPlatforms) = preSolution
		Debug|Any CPU = Debug|Any CPU
		Release|Any CPU = Release|Any CPU
	EndGlobalSection
	GlobalSection(ProjectConfigurationPlatforms) = postSolution
		{098A452A-B3F5-447D-98F6-0C91442BB124}.Debug|Any CPU.ActiveCfg = Debug|Any CPU
		{098A452A-B3F5-447D-98F6-0C91442BB124}.Debug|Any CPU.Build.0 = Debug|Any CPU
		{098A452A-B3F5-447D-98F6-0C91442BB124}.Release|Any CPU.ActiveCfg = Release|Any CPU
		{098A452A-B3F5-447D-98F6-0C91442BB124}.Release|Any CPU.Build.0 = Release|Any CPU
		{68F37A1B-41AD-45DF-AA51-31624A5D843E}.Debug|Any CPU.ActiveCfg = Debug|Any CPU
		{68F37A1B-41AD-45DF-AA51-31624A5D843E}.Debug|Any CPU.Build.0 = Debug|Any CPU
		{68F37A1B-41AD-45DF-AA51-31624A5D843E}.Release|Any CPU.ActiveCfg = Release|Any CPU
		{68F37A1B-41AD-45DF-AA51-31624A5D843E}.Release|Any CPU.Build.0 = Release|Any CPU
		{944E50D2-6995-4204-9C94-4DD5C4F75512}.Debug|Any CPU.ActiveCfg = Debug|Any CPU
		{944E50D2-6995-4204-9C94-4DD5C4F75512}.Debug|Any CPU.Build.0 = Debug|Any CPU
		{944E50D2-6995-4204-9C94-4DD5C4F75512}.Release|Any CPU.ActiveCfg = Release|Any CPU
		{944E50D2-6995-4204-9C94-4DD5C4F75512}.Release|Any CPU.Build.0 = Release|Any CPU
	EndGlobalSection
	GlobalSection(SolutionProperties) = preSolution
		HideSolutionNode = FALSE
	EndGlobalSection
	GlobalSection(ExtensibilityGlobals) = postSolution
		SolutionGuid = {5DD4A9DE-2C2D-472B-B285-E39428330A2A}
	EndGlobalSection
EndGlobal
