
Microsoft Visual Studio Solution File, Format Version 12.00
# Visual Studio Version 16
VisualStudioVersion = 16.0.30114.105
MinimumVisualStudioVersion = 10.0.40219.1
Project("{FAE04EC0-301F-11D3-BF4B-00C04F79EFBC}") = "01. Count Real Numbers", "01. Count Real Numbers\01. Count Real Numbers.csproj", "{FAF7902E-9055-4ED7-ADCB-DB25D13BA465}"
EndProject
Project("{FAE04EC0-301F-11D3-BF4B-00C04F79EFBC}") = "02. Odd Occurrences", "02. Odd Occurrences\02. Odd Occurrences.csproj", "{0CD91F78-D78D-41D1-83DA-17515B4083B7}"
EndProject
Project("{FAE04EC0-301F-11D3-BF4B-00C04F79EFBC}") = "03. Word Synonyms", "03. Word Synonyms\03. Word Synonyms.csproj", "{60371EBB-475A-4056-9A49-46057E623A69}"
EndProject
Project("{FAE04EC0-301F-11D3-BF4B-00C04F79EFBC}") = "04. Largest 3 Numbers", "04. Largest 3 Numbers\04. Largest 3 Numbers.csproj", "{8F9FB44B-27F9-412E-AF90-095B036F05C8}"
EndProject
Project("{FAE04EC0-301F-11D3-BF4B-00C04F79EFBC}") = "05. Word Filter", "05. Word Filter\05. Word Filter.csproj", "{62F86ECA-43E1-4280-AF36-E5A09E31C513}"
EndProject
Global
	GlobalSection(SolutionConfigurationPlatforms) = preSolution
		Debug|Any CPU = Debug|Any CPU
		Release|Any CPU = Release|Any CPU
	EndGlobalSection
	GlobalSection(ProjectConfigurationPlatforms) = postSolution
		{FAF7902E-9055-4ED7-ADCB-DB25D13BA465}.Debug|Any CPU.ActiveCfg = Debug|Any CPU
		{FAF7902E-9055-4ED7-ADCB-DB25D13BA465}.Debug|Any CPU.Build.0 = Debug|Any CPU
		{FAF7902E-9055-4ED7-ADCB-DB25D13BA465}.Release|Any CPU.ActiveCfg = Release|Any CPU
		{FAF7902E-9055-4ED7-ADCB-DB25D13BA465}.Release|Any CPU.Build.0 = Release|Any CPU
		{0CD91F78-D78D-41D1-83DA-17515B4083B7}.Debug|Any CPU.ActiveCfg = Debug|Any CPU
		{0CD91F78-D78D-41D1-83DA-17515B4083B7}.Debug|Any CPU.Build.0 = Debug|Any CPU
		{0CD91F78-D78D-41D1-83DA-17515B4083B7}.Release|Any CPU.ActiveCfg = Release|Any CPU
		{0CD91F78-D78D-41D1-83DA-17515B4083B7}.Release|Any CPU.Build.0 = Release|Any CPU
		{60371EBB-475A-4056-9A49-46057E623A69}.Debug|Any CPU.ActiveCfg = Debug|Any CPU
		{60371EBB-475A-4056-9A49-46057E623A69}.Debug|Any CPU.Build.0 = Debug|Any CPU
		{60371EBB-475A-4056-9A49-46057E623A69}.Release|Any CPU.ActiveCfg = Release|Any CPU
		{60371EBB-475A-4056-9A49-46057E623A69}.Release|Any CPU.Build.0 = Release|Any CPU
		{8F9FB44B-27F9-412E-AF90-095B036F05C8}.Debug|Any CPU.ActiveCfg = Debug|Any CPU
		{8F9FB44B-27F9-412E-AF90-095B036F05C8}.Debug|Any CPU.Build.0 = Debug|Any CPU
		{8F9FB44B-27F9-412E-AF90-095B036F05C8}.Release|Any CPU.ActiveCfg = Release|Any CPU
		{8F9FB44B-27F9-412E-AF90-095B036F05C8}.Release|Any CPU.Build.0 = Release|Any CPU
		{62F86ECA-43E1-4280-AF36-E5A09E31C513}.Debug|Any CPU.ActiveCfg = Debug|Any CPU
		{62F86ECA-43E1-4280-AF36-E5A09E31C513}.Debug|Any CPU.Build.0 = Debug|Any CPU
		{62F86ECA-43E1-4280-AF36-E5A09E31C513}.Release|Any CPU.ActiveCfg = Release|Any CPU
		{62F86ECA-43E1-4280-AF36-E5A09E31C513}.Release|Any CPU.Build.0 = Release|Any CPU
	EndGlobalSection
	GlobalSection(SolutionProperties) = preSolution
		HideSolutionNode = FALSE
	EndGlobalSection
	GlobalSection(ExtensibilityGlobals) = postSolution
		SolutionGuid = {FD5C4984-6791-4F70-874E-963FEA7A9676}
	EndGlobalSection
EndGlobal
