
Microsoft Visual Studio Solution File, Format Version 12.00
# Visual Studio Version 16
VisualStudioVersion = 16.0.30907.101
MinimumVisualStudioVersion = 10.0.40219.1
Project("{FAE04EC0-301F-11D3-BF4B-00C04F79EFBC}") = "1. Sum Matrix Elements", "1. Sum Matrix Elements\1. Sum Matrix Elements.csproj", "{21B9D9A0-F254-40B6-8856-D27CCA26739F}"
EndProject
Project("{FAE04EC0-301F-11D3-BF4B-00C04F79EFBC}") = "2. Sum Matrix Columns", "2. Sum Matrix Columns\2. Sum Matrix Columns.csproj", "{1B02FE5F-75B5-4C0E-9389-945215FE6435}"
EndProject
Project("{FAE04EC0-301F-11D3-BF4B-00C04F79EFBC}") = "3. Primary Diagonal", "3. Primary Diagonal\3. Primary Diagonal.csproj", "{F9A49E68-48C9-49D1-B065-1620B14376AE}"
EndProject
Project("{FAE04EC0-301F-11D3-BF4B-00C04F79EFBC}") = "4. Symbol in Matrix", "4. Symbol in Matrix\4. Symbol in Matrix.csproj", "{4FE5E11E-73C3-4FCF-BC2E-DA311F0221A8}"
EndProject
Project("{FAE04EC0-301F-11D3-BF4B-00C04F79EFBC}") = "5. Square With Maximum Sum", "5. Square With Maximum Sum\5. Square With Maximum Sum.csproj", "{076CF0F5-6D91-470C-B97E-33368C14BDC1}"
EndProject
Global
	GlobalSection(SolutionConfigurationPlatforms) = preSolution
		Debug|Any CPU = Debug|Any CPU
		Release|Any CPU = Release|Any CPU
	EndGlobalSection
	GlobalSection(ProjectConfigurationPlatforms) = postSolution
		{21B9D9A0-F254-40B6-8856-D27CCA26739F}.Debug|Any CPU.ActiveCfg = Debug|Any CPU
		{21B9D9A0-F254-40B6-8856-D27CCA26739F}.Debug|Any CPU.Build.0 = Debug|Any CPU
		{21B9D9A0-F254-40B6-8856-D27CCA26739F}.Release|Any CPU.ActiveCfg = Release|Any CPU
		{21B9D9A0-F254-40B6-8856-D27CCA26739F}.Release|Any CPU.Build.0 = Release|Any CPU
		{1B02FE5F-75B5-4C0E-9389-945215FE6435}.Debug|Any CPU.ActiveCfg = Debug|Any CPU
		{1B02FE5F-75B5-4C0E-9389-945215FE6435}.Debug|Any CPU.Build.0 = Debug|Any CPU
		{1B02FE5F-75B5-4C0E-9389-945215FE6435}.Release|Any CPU.ActiveCfg = Release|Any CPU
		{1B02FE5F-75B5-4C0E-9389-945215FE6435}.Release|Any CPU.Build.0 = Release|Any CPU
		{F9A49E68-48C9-49D1-B065-1620B14376AE}.Debug|Any CPU.ActiveCfg = Debug|Any CPU
		{F9A49E68-48C9-49D1-B065-1620B14376AE}.Debug|Any CPU.Build.0 = Debug|Any CPU
		{F9A49E68-48C9-49D1-B065-1620B14376AE}.Release|Any CPU.ActiveCfg = Release|Any CPU
		{F9A49E68-48C9-49D1-B065-1620B14376AE}.Release|Any CPU.Build.0 = Release|Any CPU
		{4FE5E11E-73C3-4FCF-BC2E-DA311F0221A8}.Debug|Any CPU.ActiveCfg = Debug|Any CPU
		{4FE5E11E-73C3-4FCF-BC2E-DA311F0221A8}.Debug|Any CPU.Build.0 = Debug|Any CPU
		{4FE5E11E-73C3-4FCF-BC2E-DA311F0221A8}.Release|Any CPU.ActiveCfg = Release|Any CPU
		{4FE5E11E-73C3-4FCF-BC2E-DA311F0221A8}.Release|Any CPU.Build.0 = Release|Any CPU
		{076CF0F5-6D91-470C-B97E-33368C14BDC1}.Debug|Any CPU.ActiveCfg = Debug|Any CPU
		{076CF0F5-6D91-470C-B97E-33368C14BDC1}.Debug|Any CPU.Build.0 = Debug|Any CPU
		{076CF0F5-6D91-470C-B97E-33368C14BDC1}.Release|Any CPU.ActiveCfg = Release|Any CPU
		{076CF0F5-6D91-470C-B97E-33368C14BDC1}.Release|Any CPU.Build.0 = Release|Any CPU
	EndGlobalSection
	GlobalSection(SolutionProperties) = preSolution
		HideSolutionNode = FALSE
	EndGlobalSection
	GlobalSection(ExtensibilityGlobals) = postSolution
		SolutionGuid = {83B7E14F-4EEB-47CF-A0E1-D4FA13AB1996}
	EndGlobalSection
EndGlobal
