
Microsoft Visual Studio Solution File, Format Version 12.00
# Visual Studio Version 16
VisualStudioVersion = 16.0.30907.101
MinimumVisualStudioVersion = 10.0.40219.1
Project("{FAE04EC0-301F-11D3-BF4B-00C04F79EFBC}") = "1.ListyIterator", "1.ListyIterator\1.ListyIterator.csproj", "{0C6E899C-0671-462D-9CAB-8AA076A13D32}"
EndProject
Project("{FAE04EC0-301F-11D3-BF4B-00C04F79EFBC}") = "3.Stack", "3.Stack\3.Stack.csproj", "{A9F04FD7-66FF-4729-9BB3-68C7521C4D87}"
EndProject
Project("{FAE04EC0-301F-11D3-BF4B-00C04F79EFBC}") = "4.Froggy", "4.Froggy\4.Froggy.csproj", "{250A4CDF-AD2B-4E72-8EC7-931431F023C2}"
EndProject
Project("{FAE04EC0-301F-11D3-BF4B-00C04F79EFBC}") = "5.ComparingObjects", "5.ComparingObjects\5.ComparingObjects.csproj", "{4A6655E4-853E-43E0-B71A-1883874BC50B}"
EndProject
Project("{FAE04EC0-301F-11D3-BF4B-00C04F79EFBC}") = "6.EqualityLogic", "6.EqualityLogic\6.EqualityLogic.csproj", "{22D17D71-1E6E-4B84-AFA2-7A85695F48FF}"
EndProject
Global
	GlobalSection(SolutionConfigurationPlatforms) = preSolution
		Debug|Any CPU = Debug|Any CPU
		Release|Any CPU = Release|Any CPU
	EndGlobalSection
	GlobalSection(ProjectConfigurationPlatforms) = postSolution
		{0C6E899C-0671-462D-9CAB-8AA076A13D32}.Debug|Any CPU.ActiveCfg = Debug|Any CPU
		{0C6E899C-0671-462D-9CAB-8AA076A13D32}.Debug|Any CPU.Build.0 = Debug|Any CPU
		{0C6E899C-0671-462D-9CAB-8AA076A13D32}.Release|Any CPU.ActiveCfg = Release|Any CPU
		{0C6E899C-0671-462D-9CAB-8AA076A13D32}.Release|Any CPU.Build.0 = Release|Any CPU
		{A9F04FD7-66FF-4729-9BB3-68C7521C4D87}.Debug|Any CPU.ActiveCfg = Debug|Any CPU
		{A9F04FD7-66FF-4729-9BB3-68C7521C4D87}.Debug|Any CPU.Build.0 = Debug|Any CPU
		{A9F04FD7-66FF-4729-9BB3-68C7521C4D87}.Release|Any CPU.ActiveCfg = Release|Any CPU
		{A9F04FD7-66FF-4729-9BB3-68C7521C4D87}.Release|Any CPU.Build.0 = Release|Any CPU
		{250A4CDF-AD2B-4E72-8EC7-931431F023C2}.Debug|Any CPU.ActiveCfg = Debug|Any CPU
		{250A4CDF-AD2B-4E72-8EC7-931431F023C2}.Debug|Any CPU.Build.0 = Debug|Any CPU
		{250A4CDF-AD2B-4E72-8EC7-931431F023C2}.Release|Any CPU.ActiveCfg = Release|Any CPU
		{250A4CDF-AD2B-4E72-8EC7-931431F023C2}.Release|Any CPU.Build.0 = Release|Any CPU
		{4A6655E4-853E-43E0-B71A-1883874BC50B}.Debug|Any CPU.ActiveCfg = Debug|Any CPU
		{4A6655E4-853E-43E0-B71A-1883874BC50B}.Debug|Any CPU.Build.0 = Debug|Any CPU
		{4A6655E4-853E-43E0-B71A-1883874BC50B}.Release|Any CPU.ActiveCfg = Release|Any CPU
		{4A6655E4-853E-43E0-B71A-1883874BC50B}.Release|Any CPU.Build.0 = Release|Any CPU
		{22D17D71-1E6E-4B84-AFA2-7A85695F48FF}.Debug|Any CPU.ActiveCfg = Debug|Any CPU
		{22D17D71-1E6E-4B84-AFA2-7A85695F48FF}.Debug|Any CPU.Build.0 = Debug|Any CPU
		{22D17D71-1E6E-4B84-AFA2-7A85695F48FF}.Release|Any CPU.ActiveCfg = Release|Any CPU
		{22D17D71-1E6E-4B84-AFA2-7A85695F48FF}.Release|Any CPU.Build.0 = Release|Any CPU
	EndGlobalSection
	GlobalSection(SolutionProperties) = preSolution
		HideSolutionNode = FALSE
	EndGlobalSection
	GlobalSection(ExtensibilityGlobals) = postSolution
		SolutionGuid = {28B4BC92-6429-4B18-B2E2-4164EF20F368}
	EndGlobalSection
EndGlobal
