
Microsoft Visual Studio Solution File, Format Version 12.00
# Visual Studio Version 16
VisualStudioVersion = 16.0.30309.148
MinimumVisualStudioVersion = 10.0.40219.1
Project("{FAE04EC0-301F-11D3-BF4B-00C04F79EFBC}") = "01. Password Reset", "01. Password Reset\01. Password Reset.csproj", "{2713C498-E348-419C-B68B-61EEADD61277}"
EndProject
Project("{FAE04EC0-301F-11D3-BF4B-00C04F79EFBC}") = "02. Fancy Barcodes", "02. Fancy Barcodes\02. Fancy Barcodes.csproj", "{B9D79DE3-5147-4988-9FCC-23CCBB00F1AA}"
EndProject
Project("{FAE04EC0-301F-11D3-BF4B-00C04F79EFBC}") = "03. Heroes of Code and Logic VII", "03. Heroes of Code and Logic VII\03. Heroes of Code and Logic VII.csproj", "{93BE2132-8DC9-4DC0-A9A7-3CDB3D0D8D5F}"
EndProject
Global
	GlobalSection(SolutionConfigurationPlatforms) = preSolution
		Debug|Any CPU = Debug|Any CPU
		Release|Any CPU = Release|Any CPU
	EndGlobalSection
	GlobalSection(ProjectConfigurationPlatforms) = postSolution
		{2713C498-E348-419C-B68B-61EEADD61277}.Debug|Any CPU.ActiveCfg = Debug|Any CPU
		{2713C498-E348-419C-B68B-61EEADD61277}.Debug|Any CPU.Build.0 = Debug|Any CPU
		{2713C498-E348-419C-B68B-61EEADD61277}.Release|Any CPU.ActiveCfg = Release|Any CPU
		{2713C498-E348-419C-B68B-61EEADD61277}.Release|Any CPU.Build.0 = Release|Any CPU
		{B9D79DE3-5147-4988-9FCC-23CCBB00F1AA}.Debug|Any CPU.ActiveCfg = Debug|Any CPU
		{B9D79DE3-5147-4988-9FCC-23CCBB00F1AA}.Debug|Any CPU.Build.0 = Debug|Any CPU
		{B9D79DE3-5147-4988-9FCC-23CCBB00F1AA}.Release|Any CPU.ActiveCfg = Release|Any CPU
		{B9D79DE3-5147-4988-9FCC-23CCBB00F1AA}.Release|Any CPU.Build.0 = Release|Any CPU
		{93BE2132-8DC9-4DC0-A9A7-3CDB3D0D8D5F}.Debug|Any CPU.ActiveCfg = Debug|Any CPU
		{93BE2132-8DC9-4DC0-A9A7-3CDB3D0D8D5F}.Debug|Any CPU.Build.0 = Debug|Any CPU
		{93BE2132-8DC9-4DC0-A9A7-3CDB3D0D8D5F}.Release|Any CPU.ActiveCfg = Release|Any CPU
		{93BE2132-8DC9-4DC0-A9A7-3CDB3D0D8D5F}.Release|Any CPU.Build.0 = Release|Any CPU
	EndGlobalSection
	GlobalSection(SolutionProperties) = preSolution
		HideSolutionNode = FALSE
	EndGlobalSection
	GlobalSection(ExtensibilityGlobals) = postSolution
		SolutionGuid = {140CB5B8-98C8-4E4F-A8C0-9D39BF55691E}
	EndGlobalSection
EndGlobal
