
Microsoft Visual Studio Solution File, Format Version 12.00
# Visual Studio Version 16
VisualStudioVersion = 16.0.30309.148
MinimumVisualStudioVersion = 10.0.40219.1
Project("{9A19103F-16F7-4668-BE54-9A1E7A4F7556}") = "01. Nikulden’s Charity", "01. Nikulden’s Charity\01. Nikulden’s Charity.csproj", "{81C2D1D0-4ABC-436D-912C-355A445B61EE}"
EndProject
Project("{FAE04EC0-301F-11D3-BF4B-00C04F79EFBC}") = "03. Nikulden’s meals", "03. Nikulden’s meals\03. Nikulden’s meals.csproj", "{4C0AE311-6675-4934-9596-ACD643F863DC}"
EndProject
Global
	GlobalSection(SolutionConfigurationPlatforms) = preSolution
		Debug|Any CPU = Debug|Any CPU
		Release|Any CPU = Release|Any CPU
	EndGlobalSection
	GlobalSection(ProjectConfigurationPlatforms) = postSolution
		{81C2D1D0-4ABC-436D-912C-355A445B61EE}.Debug|Any CPU.ActiveCfg = Debug|Any CPU
		{81C2D1D0-4ABC-436D-912C-355A445B61EE}.Debug|Any CPU.Build.0 = Debug|Any CPU
		{81C2D1D0-4ABC-436D-912C-355A445B61EE}.Release|Any CPU.ActiveCfg = Release|Any CPU
		{81C2D1D0-4ABC-436D-912C-355A445B61EE}.Release|Any CPU.Build.0 = Release|Any CPU
		{4C0AE311-6675-4934-9596-ACD643F863DC}.Debug|Any CPU.ActiveCfg = Debug|Any CPU
		{4C0AE311-6675-4934-9596-ACD643F863DC}.Debug|Any CPU.Build.0 = Debug|Any CPU
		{4C0AE311-6675-4934-9596-ACD643F863DC}.Release|Any CPU.ActiveCfg = Release|Any CPU
		{4C0AE311-6675-4934-9596-ACD643F863DC}.Release|Any CPU.Build.0 = Release|Any CPU
	EndGlobalSection
	GlobalSection(SolutionProperties) = preSolution
		HideSolutionNode = FALSE
	EndGlobalSection
	GlobalSection(ExtensibilityGlobals) = postSolution
		SolutionGuid = {6856527F-021E-4DF2-83AE-F6B4481B3A62}
	EndGlobalSection
EndGlobal
