
Microsoft Visual Studio Solution File, Format Version 12.00
# Visual Studio Version 16
VisualStudioVersion = 16.0.29424.173
MinimumVisualStudioVersion = 10.0.40219.1
Project("{FAE04EC0-301F-11D3-BF4B-00C04F79EFBC}") = "radianstodegrees", "radianstodegrees\radianstodegrees.csproj", "{606B5202-4D4C-435F-8C00-6B4A3745DBAA}"
EndProject
Project("{FAE04EC0-301F-11D3-BF4B-00C04F79EFBC}") = "usdtobgn", "usdtobgn\usdtobgn.csproj", "{9DBC87DB-981B-4A99-A7AF-EF80A078136D}"
EndProject
Project("{FAE04EC0-301F-11D3-BF4B-00C04F79EFBC}") = "2drectanglearea", "2drectanglearea\2drectanglearea.csproj", "{7675ACE4-7420-4648-96AE-B6BBF6447924}"
EndProject
Project("{FAE04EC0-301F-11D3-BF4B-00C04F79EFBC}") = "tailoringWorkShop", "tailoringWorkShop\tailoringWorkShop.csproj", "{2075E26C-3D0D-46CC-8897-358D662CF5CE}"
EndProject
Project("{FAE04EC0-301F-11D3-BF4B-00C04F79EFBC}") = "dancehall", "dancehall\dancehall.csproj", "{C2B0B087-2F7A-41DF-9AB7-567DBBD8ECBB}"
EndProject
Global
	GlobalSection(SolutionConfigurationPlatforms) = preSolution
		Debug|Any CPU = Debug|Any CPU
		Release|Any CPU = Release|Any CPU
	EndGlobalSection
	GlobalSection(ProjectConfigurationPlatforms) = postSolution
		{606B5202-4D4C-435F-8C00-6B4A3745DBAA}.Debug|Any CPU.ActiveCfg = Debug|Any CPU
		{606B5202-4D4C-435F-8C00-6B4A3745DBAA}.Debug|Any CPU.Build.0 = Debug|Any CPU
		{606B5202-4D4C-435F-8C00-6B4A3745DBAA}.Release|Any CPU.ActiveCfg = Release|Any CPU
		{606B5202-4D4C-435F-8C00-6B4A3745DBAA}.Release|Any CPU.Build.0 = Release|Any CPU
		{9DBC87DB-981B-4A99-A7AF-EF80A078136D}.Debug|Any CPU.ActiveCfg = Debug|Any CPU
		{9DBC87DB-981B-4A99-A7AF-EF80A078136D}.Debug|Any CPU.Build.0 = Debug|Any CPU
		{9DBC87DB-981B-4A99-A7AF-EF80A078136D}.Release|Any CPU.ActiveCfg = Release|Any CPU
		{9DBC87DB-981B-4A99-A7AF-EF80A078136D}.Release|Any CPU.Build.0 = Release|Any CPU
		{7675ACE4-7420-4648-96AE-B6BBF6447924}.Debug|Any CPU.ActiveCfg = Debug|Any CPU
		{7675ACE4-7420-4648-96AE-B6BBF6447924}.Debug|Any CPU.Build.0 = Debug|Any CPU
		{7675ACE4-7420-4648-96AE-B6BBF6447924}.Release|Any CPU.ActiveCfg = Release|Any CPU
		{7675ACE4-7420-4648-96AE-B6BBF6447924}.Release|Any CPU.Build.0 = Release|Any CPU
		{2075E26C-3D0D-46CC-8897-358D662CF5CE}.Debug|Any CPU.ActiveCfg = Debug|Any CPU
		{2075E26C-3D0D-46CC-8897-358D662CF5CE}.Debug|Any CPU.Build.0 = Debug|Any CPU
		{2075E26C-3D0D-46CC-8897-358D662CF5CE}.Release|Any CPU.ActiveCfg = Release|Any CPU
		{2075E26C-3D0D-46CC-8897-358D662CF5CE}.Release|Any CPU.Build.0 = Release|Any CPU
		{C2B0B087-2F7A-41DF-9AB7-567DBBD8ECBB}.Debug|Any CPU.ActiveCfg = Debug|Any CPU
		{C2B0B087-2F7A-41DF-9AB7-567DBBD8ECBB}.Debug|Any CPU.Build.0 = Debug|Any CPU
		{C2B0B087-2F7A-41DF-9AB7-567DBBD8ECBB}.Release|Any CPU.ActiveCfg = Release|Any CPU
		{C2B0B087-2F7A-41DF-9AB7-567DBBD8ECBB}.Release|Any CPU.Build.0 = Release|Any CPU
	EndGlobalSection
	GlobalSection(SolutionProperties) = preSolution
		HideSolutionNode = FALSE
	EndGlobalSection
	GlobalSection(ExtensibilityGlobals) = postSolution
		SolutionGuid = {F988DF7D-116C-48E9-8DBE-83133F3D824B}
	EndGlobalSection
EndGlobal
