
Microsoft Visual Studio Solution File, Format Version 12.00
# Visual Studio Version 16
VisualStudioVersion = 16.0.30114.105
MinimumVisualStudioVersion = 10.0.40219.1
Project("{FAE04EC0-301F-11D3-BF4B-00C04F79EFBC}") = "izpitRade", "izpitRade\izpitRade.csproj", "{9B11A62F-68A8-4697-BA8E-18C97281A59B}"
EndProject
Global
	GlobalSection(SolutionConfigurationPlatforms) = preSolution
		Debug|Any CPU = Debug|Any CPU
		Release|Any CPU = Release|Any CPU
	EndGlobalSection
	GlobalSection(ProjectConfigurationPlatforms) = postSolution
		{9B11A62F-68A8-4697-BA8E-18C97281A59B}.Debug|Any CPU.ActiveCfg = Debug|Any CPU
		{9B11A62F-68A8-4697-BA8E-18C97281A59B}.Debug|Any CPU.Build.0 = Debug|Any CPU
		{9B11A62F-68A8-4697-BA8E-18C97281A59B}.Release|Any CPU.ActiveCfg = Release|Any CPU
		{9B11A62F-68A8-4697-BA8E-18C97281A59B}.Release|Any CPU.Build.0 = Release|Any CPU
	EndGlobalSection
	GlobalSection(SolutionProperties) = preSolution
		HideSolutionNode = FALSE
	EndGlobalSection
	GlobalSection(ExtensibilityGlobals) = postSolution
		SolutionGuid = {86E67CB7-70EA-4478-81B5-7D64694B96CC}
	EndGlobalSection
EndGlobal
